
Microsoft Visual Studio Solution File, Format Version 11.00
# Visual Studio 2010
Project("{FAE04EC0-301F-11D3-BF4B-00C04F79EFBC}") = "StarDefenceTutorial", "StarDefenceTutorial\StarDefenceTutorial\StarDefenceTutorial.csproj", "{557706EF-8AA2-44C2-B4C6-56CBF8ACBE7F}"
EndProject
Project("{FAE04EC0-301F-11D3-BF4B-00C04F79EFBC}") = "StarDefenceTutorialContent", "StarDefenceTutorial\StarDefenceTutorialContent\StarDefenceTutorialContent.contentproj", "{6C433541-5C15-471A-9D84-C3FFCFE2BE54}"
EndProject
Global
	GlobalSection(TestCaseManagementSettings) = postSolution
		CategoryFile = StarDefenceTutorial.vsmdi
	EndGlobalSection
	GlobalSection(SolutionConfigurationPlatforms) = preSolution
		Debug|Any CPU = Debug|Any CPU
		Debug|Mixed Platforms = Debug|Mixed Platforms
		Debug|x86 = Debug|x86
		Release|Any CPU = Release|Any CPU
		Release|Mixed Platforms = Release|Mixed Platforms
		Release|x86 = Release|x86
	EndGlobalSection
	GlobalSection(ProjectConfigurationPlatforms) = postSolution
		{557706EF-8AA2-44C2-B4C6-56CBF8ACBE7F}.Debug|Any CPU.ActiveCfg = Debug|x86
		{557706EF-8AA2-44C2-B4C6-56CBF8ACBE7F}.Debug|Mixed Platforms.ActiveCfg = Debug|x86
		{557706EF-8AA2-44C2-B4C6-56CBF8ACBE7F}.Debug|Mixed Platforms.Build.0 = Debug|x86
		{557706EF-8AA2-44C2-B4C6-56CBF8ACBE7F}.Debug|x86.ActiveCfg = Debug|x86
		{557706EF-8AA2-44C2-B4C6-56CBF8ACBE7F}.Debug|x86.Build.0 = Debug|x86
		{557706EF-8AA2-44C2-B4C6-56CBF8ACBE7F}.Release|Any CPU.ActiveCfg = Release|x86
		{557706EF-8AA2-44C2-B4C6-56CBF8ACBE7F}.Release|Mixed Platforms.ActiveCfg = Release|x86
		{557706EF-8AA2-44C2-B4C6-56CBF8ACBE7F}.Release|Mixed Platforms.Build.0 = Release|x86
		{557706EF-8AA2-44C2-B4C6-56CBF8ACBE7F}.Release|x86.ActiveCfg = Release|x86
		{557706EF-8AA2-44C2-B4C6-56CBF8ACBE7F}.Release|x86.Build.0 = Release|x86
		{6C433541-5C15-471A-9D84-C3FFCFE2BE54}.Debug|Any CPU.ActiveCfg = Debug|x86
		{6C433541-5C15-471A-9D84-C3FFCFE2BE54}.Debug|Mixed Platforms.ActiveCfg = Debug|x86
		{6C433541-5C15-471A-9D84-C3FFCFE2BE54}.Debug|x86.ActiveCfg = Debug|x86
		{6C433541-5C15-471A-9D84-C3FFCFE2BE54}.Release|Any CPU.ActiveCfg = Release|x86
		{6C433541-5C15-471A-9D84-C3FFCFE2BE54}.Release|Mixed Platforms.ActiveCfg = Release|x86
		{6C433541-5C15-471A-9D84-C3FFCFE2BE54}.Release|x86.ActiveCfg = Release|x86
	EndGlobalSection
	GlobalSection(SolutionProperties) = preSolution
		HideSolutionNode = FALSE
	EndGlobalSection
EndGlobal
